
Microsoft Visual Studio Solution File, Format Version 12.00
# Visual Studio Version 17
VisualStudioVersion = 17.4.33403.182
MinimumVisualStudioVersion = 10.0.40219.1
Project("{9A19103F-16F7-4668-BE54-9A1E7A4F7556}") = "Coding", "Coding\Coding.csproj", "{52F8BFA2-318B-4186-9C7F-84D3DC2A9E1B}"
EndProject
Project("{9A19103F-16F7-4668-BE54-9A1E7A4F7556}") = "CodingPractice", "CodingPractice\CodingPractice.csproj", "{6CB42B7A-C350-4262-87D7-28EC453D4B40}"
EndProject
Project("{FAE04EC0-301F-11D3-BF4B-00C04F79EFBC}") = "CSharpSelenium", "CSharpSelenium\CSharpSelenium.csproj", "{69631FAD-E4C1-4786-84E0-5ACE28324789}"
EndProject
Global
	GlobalSection(SolutionConfigurationPlatforms) = preSolution
		Debug|Any CPU = Debug|Any CPU
		Release|Any CPU = Release|Any CPU
	EndGlobalSection
	GlobalSection(ProjectConfigurationPlatforms) = postSolution
		{52F8BFA2-318B-4186-9C7F-84D3DC2A9E1B}.Debug|Any CPU.ActiveCfg = Debug|Any CPU
		{52F8BFA2-318B-4186-9C7F-84D3DC2A9E1B}.Debug|Any CPU.Build.0 = Debug|Any CPU
		{52F8BFA2-318B-4186-9C7F-84D3DC2A9E1B}.Release|Any CPU.ActiveCfg = Release|Any CPU
		{52F8BFA2-318B-4186-9C7F-84D3DC2A9E1B}.Release|Any CPU.Build.0 = Release|Any CPU
		{6CB42B7A-C350-4262-87D7-28EC453D4B40}.Debug|Any CPU.ActiveCfg = Debug|Any CPU
		{6CB42B7A-C350-4262-87D7-28EC453D4B40}.Debug|Any CPU.Build.0 = Debug|Any CPU
		{6CB42B7A-C350-4262-87D7-28EC453D4B40}.Release|Any CPU.ActiveCfg = Release|Any CPU
		{6CB42B7A-C350-4262-87D7-28EC453D4B40}.Release|Any CPU.Build.0 = Release|Any CPU
		{69631FAD-E4C1-4786-84E0-5ACE28324789}.Debug|Any CPU.ActiveCfg = Debug|Any CPU
		{69631FAD-E4C1-4786-84E0-5ACE28324789}.Debug|Any CPU.Build.0 = Debug|Any CPU
		{69631FAD-E4C1-4786-84E0-5ACE28324789}.Release|Any CPU.ActiveCfg = Release|Any CPU
		{69631FAD-E4C1-4786-84E0-5ACE28324789}.Release|Any CPU.Build.0 = Release|Any CPU
	EndGlobalSection
	GlobalSection(SolutionProperties) = preSolution
		HideSolutionNode = FALSE
	EndGlobalSection
	GlobalSection(ExtensibilityGlobals) = postSolution
		SolutionGuid = {D2EEB985-E1E1-4148-BA64-A465932647F8}
	EndGlobalSection
EndGlobal
